<?xml version="1.0" encoding="utf-8"?>
<Project ToolsVersion="4.0" xmlns="http://schemas.microsoft.com/developer/msbuild/2003">
  <ItemGroup>
    <Filter Include="Source Files">
      <UniqueIdentifier>{4FC737F1-C7A5-4376-A066-2A32D752A2FF}</UniqueIdentifier>
      <Extensions>cpp;c;cc;cxx;c++;cppm;ixx;def;odl;idl;hpj;bat;asm;asmx</Extensions>
    </Filter>
    <Filter Include="Header Files">
      <UniqueIdentifier>{93995380-89BD-4b04-88EB-625FBE52EBFB}</UniqueIdentifier>
      <Extensions>h;hh;hpp;hxx;h++;hm;inl;inc;ipp;xsd</Extensions>
    </Filter>
    <Filter Include="Resource Files">
      <UniqueIdentifier>{67DA6AB6-F800-4c08-8B7A-83BB121AAD01}</UniqueIdentifier>
      <Extensions>rc;ico;cur;bmp;dlg;rc2;rct;bin;rgs;gif;jpg;jpeg;jpe;resx;tiff;tif;png;wav;mfcribbon-ms</Extensions>
    </Filter>
    <Filter Include="Resource Management">
      <UniqueIdentifier>{2dcf40d5-48fe-4b89-8710-727493e051a2}</UniqueIdentifier>
    </Filter>
    <Filter Include="Trivial">
      <UniqueIdentifier>{946a0c54-ba04-4100-8351-eb9e61259063}</UniqueIdentifier>
    </Filter>
    <Filter Include="Core">
      <UniqueIdentifier>{b34b14ce-4726-466a-b396-f43a3a68249c}</UniqueIdentifier>
    </Filter>
    <Filter Include="3rdparty">
      <UniqueIdentifier>{32efcd09-246e-45b1-b3d3-6ac3de6532c7}</UniqueIdentifier>
    </Filter>
    <Filter Include="Visualisation">
      <UniqueIdentifier>{76dc2708-d15c-4a77-9e44-bdf942cf885e}</UniqueIdentifier>
    </Filter>
    <Filter Include="Visualisation\Camera">
      <UniqueIdentifier>{af09bb1e-1725-4021-872f-05a459be9737}</UniqueIdentifier>
    </Filter>
  </ItemGroup>
  <ItemGroup>
    <ClCompile Include="Ability.cpp">
      <Filter>Source Files</Filter>
    </ClCompile>
    <ClCompile Include="AbilityInterface.cpp">
      <Filter>Source Files</Filter>
    </ClCompile>
    <ClCompile Include="AutoAttack.cpp">
      <Filter>Source Files</Filter>
    </ClCompile>
    <ClCompile Include="BasicStats.cpp">
      <Filter>Source Files</Filter>
    </ClCompile>
    <ClCompile Include="Champion.cpp">
      <Filter>Source Files</Filter>
    </ClCompile>
    <ClCompile Include="ExampleAbility.cpp">
      <Filter>Source Files</Filter>
    </ClCompile>
    <ClCompile Include="HooverChampion.cpp">
      <Filter>Source Files</Filter>
    </ClCompile>
    <ClCompile Include="LockOnProjectile.cpp">
      <Filter>Source Files</Filter>
    </ClCompile>
    <ClCompile Include="OrientationManager.cpp">
      <Filter>Source Files</Filter>
    </ClCompile>
    <ClCompile Include="ProjectileManager.cpp">
      <Filter>Source Files</Filter>
    </ClCompile>
    <ClCompile Include="SkillShotProjectile.cpp">
      <Filter>Source Files</Filter>
    </ClCompile>
    <ClCompile Include="TargetDummy.cpp">
      <Filter>Source Files</Filter>
    </ClCompile>
    <ClCompile Include="Transform.cpp">
      <Filter>Source Files</Filter>
    </ClCompile>
    <ClCompile Include="Unit.cpp">
      <Filter>Source Files</Filter>
    </ClCompile>
    <ClCompile Include="SoundStreamManager.cpp">
      <Filter>Resource Management</Filter>
    </ClCompile>
    <ClCompile Include="SoundEffectManager.cpp">
      <Filter>Resource Management</Filter>
    </ClCompile>
    <ClCompile Include="ResourceManager.cpp">
      <Filter>Resource Management</Filter>
    </ClCompile>
    <ClCompile Include="TextureManager.cpp">
      <Filter>Resource Management</Filter>
    </ClCompile>
    <ClCompile Include="SVGParser.cpp">
      <Filter>Resource Management</Filter>
    </ClCompile>
    <ClCompile Include="Timer.cpp">
      <Filter>Trivial</Filter>
    </ClCompile>
    <ClCompile Include="Chronometer.cpp">
      <Filter>Trivial</Filter>
    </ClCompile>
    <ClCompile Include="Game.cpp">
      <Filter>Core</Filter>
    </ClCompile>
    <ClCompile Include="main.cpp">
      <Filter>Core</Filter>
    </ClCompile>
    <ClCompile Include="JsonFilehelper.cpp">
      <Filter>Resource Management</Filter>
    </ClCompile>
    <ClCompile Include="UserInterfaceElement.cpp">
      <Filter>Visualisation</Filter>
    </ClCompile>
    <ClCompile Include="SmartTextComponent.cpp">
      <Filter>Visualisation</Filter>
    </ClCompile>
    <ClCompile Include="CircleProgression.cpp">
      <Filter>Visualisation</Filter>
    </ClCompile>
    <ClCompile Include="InfoPlate.cpp">
      <Filter>Visualisation</Filter>
    </ClCompile>
    <ClCompile Include="pch.cpp">
      <Filter>Core</Filter>
    </ClCompile>
    <ClCompile Include="Camera.cpp">
      <Filter>Visualisation\Camera</Filter>
    </ClCompile>
    <ClCompile Include="CameraManager.cpp">
      <Filter>Visualisation\Camera</Filter>
    </ClCompile>
    <ClCompile Include="HUD.cpp">
      <Filter>Visualisation</Filter>
    </ClCompile>
  </ItemGroup>
  <ItemGroup>
    <ClInclude Include="Ability.h">
      <Filter>Header Files</Filter>
    </ClInclude>
    <ClInclude Include="AbilityInterface.h">
      <Filter>Header Files</Filter>
    </ClInclude>
    <ClInclude Include="AutoAttack.h">
      <Filter>Header Files</Filter>
    </ClInclude>
    <ClInclude Include="BasicStats.h">
      <Filter>Header Files</Filter>
    </ClInclude>
    <ClInclude Include="Champion.h">
      <Filter>Header Files</Filter>
    </ClInclude>
    <ClInclude Include="ExampleAbility.h">
      <Filter>Header Files</Filter>
    </ClInclude>
    <ClInclude Include="HooverChampion.h">
      <Filter>Header Files</Filter>
    </ClInclude>
    <ClInclude Include="LockOnProjectile.h">
      <Filter>Header Files</Filter>
    </ClInclude>
    <ClInclude Include="OrientationManager.h">
      <Filter>Header Files</Filter>
    </ClInclude>
    <ClInclude Include="ProjectileManager.h">
      <Filter>Header Files</Filter>
    </ClInclude>
    <ClInclude Include="SkillShotProjectile.h">
      <Filter>Header Files</Filter>
    </ClInclude>
    <ClInclude Include="TargetDummy.h">
      <Filter>Header Files</Filter>
    </ClInclude>
    <ClInclude Include="Transform.h">
      <Filter>Header Files</Filter>
    </ClInclude>
    <ClInclude Include="Unit.h">
      <Filter>Header Files</Filter>
    </ClInclude>
    <ClInclude Include="TextureManager.h">
      <Filter>Resource Management</Filter>
    </ClInclude>
    <ClInclude Include="SoundStreamManager.h">
      <Filter>Resource Management</Filter>
    </ClInclude>
    <ClInclude Include="SoundEffectManager.h">
      <Filter>Resource Management</Filter>
    </ClInclude>
    <ClInclude Include="ResourceManager.h">
      <Filter>Resource Management</Filter>
    </ClInclude>
    <ClInclude Include="SVGParser.h">
      <Filter>Resource Management</Filter>
    </ClInclude>
    <ClInclude Include="Timer.h">
      <Filter>Trivial</Filter>
    </ClInclude>
    <ClInclude Include="Chronometer.h">
      <Filter>Trivial</Filter>
    </ClInclude>
    <ClInclude Include="Game.h">
      <Filter>Core</Filter>
    </ClInclude>
    <ClInclude Include="JsonFilehelper.h">
      <Filter>Resource Management</Filter>
    </ClInclude>
    <ClInclude Include="json.hpp">
      <Filter>3rdparty</Filter>
    </ClInclude>
    <ClInclude Include="UserInterfaceElement.h">
      <Filter>Visualisation</Filter>
    </ClInclude>
    <ClInclude Include="SmartTextComponent.h">
      <Filter>Visualisation</Filter>
    </ClInclude>
    <ClInclude Include="CircleProgression.h">
      <Filter>Visualisation</Filter>
    </ClInclude>
    <ClInclude Include="InfoPlate.h">
      <Filter>Visualisation</Filter>
    </ClInclude>
    <ClInclude Include="pch.h">
      <Filter>Core</Filter>
    </ClInclude>
    <ClInclude Include="Camera.h">
      <Filter>Visualisation\Camera</Filter>
    </ClInclude>
    <ClInclude Include="CameraManager.h">
      <Filter>Visualisation\Camera</Filter>
    </ClInclude>
    <ClInclude Include="HUD.h">
      <Filter>Visualisation</Filter>
    </ClInclude>
  </ItemGroup>
</Project>